// !$*UTF8*$!
{
	archiveVersion = 1;
	classes = {
	};
	objectVersion = 46;
	objects = {

/* Begin PBXBuildFile section */
		AE8CCC971EEF925100DAF0DE /* main.m in Sources */ = {isa = PBXBuildFile; fileRef = AE8CCC961EEF925100DAF0DE /* main.m */; };
		AE8CCC9A1EEF925100DAF0DE /* AppDelegate.m in Sources */ = {isa = PBXBuildFile; fileRef = AE8CCC991EEF925100DAF0DE /* AppDelegate.m */; };
		AE8CCC9D1EEF925100DAF0DE /* ViewController.m in Sources */ = {isa = PBXBuildFile; fileRef = AE8CCC9C1EEF925100DAF0DE /* ViewController.m */; };
		AE8CCCA01EEF925100DAF0DE /* Main.storyboard in Resources */ = {isa = PBXBuildFile; fileRef = AE8CCC9E1EEF925100DAF0DE /* Main.storyboard */; };
		AE8CCCA21EEF925100DAF0DE /* Assets.xcassets in Resources */ = {isa = PBXBuildFile; fileRef = AE8CCCA11EEF925100DAF0DE /* Assets.xcassets */; };
		AE8CCCA51EEF925100DAF0DE /* LaunchScreen.storyboard in Resources */ = {isa = PBXBuildFile; fileRef = AE8CCCA31EEF925100DAF0DE /* LaunchScreen.storyboard */; };
		AE8CCCB01EEF925100DAF0DE /* SafeCategoryTests.m in Sources */ = {isa = PBXBuildFile; fileRef = AE8CCCAF1EEF925100DAF0DE /* SafeCategoryTests.m */; };
		AE8CCCBB1EEF925100DAF0DE /* SafeCategoryUITests.m in Sources */ = {isa = PBXBuildFile; fileRef = AE8CCCBA1EEF925100DAF0DE /* SafeCategoryUITests.m */; };
		AE8CCCDE1EEF99EE00DAF0DE /* DDExtensionManager.m in Sources */ = {isa = PBXBuildFile; fileRef = AE8CCCCB1EEF99EE00DAF0DE /* DDExtensionManager.m */; };
		AE8CCCDF1EEF99EE00DAF0DE /* NSArray+DDLog.m in Sources */ = {isa = PBXBuildFile; fileRef = AE8CCCCD1EEF99EE00DAF0DE /* NSArray+DDLog.m */; };
		AE8CCCE01EEF99EE00DAF0DE /* NSArray+DDSafe.m in Sources */ = {isa = PBXBuildFile; fileRef = AE8CCCCF1EEF99EE00DAF0DE /* NSArray+DDSafe.m */; };
		AE8CCCE11EEF99EE00DAF0DE /* NSDictionary+DDLog.m in Sources */ = {isa = PBXBuildFile; fileRef = AE8CCCD11EEF99EE00DAF0DE /* NSDictionary+DDLog.m */; };
		AE8CCCE21EEF99EE00DAF0DE /* NSDictionary+DDSafe.m in Sources */ = {isa = PBXBuildFile; fileRef = AE8CCCD31EEF99EE00DAF0DE /* NSDictionary+DDSafe.m */; };
		AE8CCCE31EEF99EE00DAF0DE /* NSMutableArray+DDSafe.m in Sources */ = {isa = PBXBuildFile; fileRef = AE8CCCD51EEF99EE00DAF0DE /* NSMutableArray+DDSafe.m */; };
		AE8CCCE41EEF99EE00DAF0DE /* NSMutableDictionary+DDSafe.m in Sources */ = {isa = PBXBuildFile; fileRef = AE8CCCD71EEF99EE00DAF0DE /* NSMutableDictionary+DDSafe.m */; };
		AE8CCCE51EEF99EE00DAF0DE /* NSNumber+DDSafeComparser.m in Sources */ = {isa = PBXBuildFile; fileRef = AE8CCCD91EEF99EE00DAF0DE /* NSNumber+DDSafeComparser.m */; };
		AE8CCCE61EEF99EE00DAF0DE /* NSString+DDLog.m in Sources */ = {isa = PBXBuildFile; fileRef = AE8CCCDB1EEF99EE00DAF0DE /* NSString+DDLog.m */; };
		AE8CCCE71EEF99EE00DAF0DE /* NSString+DDSafe.m in Sources */ = {isa = PBXBuildFile; fileRef = AE8CCCDD1EEF99EE00DAF0DE /* NSString+DDSafe.m */; };
/* End PBXBuildFile section */

/* Begin PBXContainerItemProxy section */
		AE8CCCAC1EEF925100DAF0DE /* PBXContainerItemProxy */ = {
			isa = PBXContainerItemProxy;
			containerPortal = AE8CCC8A1EEF925100DAF0DE /* Project object */;
			proxyType = 1;
			remoteGlobalIDString = AE8CCC911EEF925100DAF0DE;
			remoteInfo = SafeCategory;
		};
		AE8CCCB71EEF925100DAF0DE /* PBXContainerItemProxy */ = {
			isa = PBXContainerItemProxy;
			containerPortal = AE8CCC8A1EEF925100DAF0DE /* Project object */;
			proxyType = 1;
			remoteGlobalIDString = AE8CCC911EEF925100DAF0DE;
			remoteInfo = SafeCategory;
		};
/* End PBXContainerItemProxy section */

/* Begin PBXFileReference section */
		AE8CCC921EEF925100DAF0DE /* SafeCategory.app */ = {isa = PBXFileReference; explicitFileType = wrapper.application; includeInIndex = 0; path = SafeCategory.app; sourceTree = BUILT_PRODUCTS_DIR; };
		AE8CCC961EEF925100DAF0DE /* main.m */ = {isa = PBXFileReference; lastKnownFileType = sourcecode.c.objc; path = main.m; sourceTree = "<group>"; };
		AE8CCC981EEF925100DAF0DE /* AppDelegate.h */ = {isa = PBXFileReference; lastKnownFileType = sourcecode.c.h; path = AppDelegate.h; sourceTree = "<group>"; };
		AE8CCC991EEF925100DAF0DE /* AppDelegate.m */ = {isa = PBXFileReference; lastKnownFileType = sourcecode.c.objc; path = AppDelegate.m; sourceTree = "<group>"; };
		AE8CCC9B1EEF925100DAF0DE /* ViewController.h */ = {isa = PBXFileReference; lastKnownFileType = sourcecode.c.h; path = ViewController.h; sourceTree = "<group>"; };
		AE8CCC9C1EEF925100DAF0DE /* ViewController.m */ = {isa = PBXFileReference; lastKnownFileType = sourcecode.c.objc; path = ViewController.m; sourceTree = "<group>"; };
		AE8CCC9F1EEF925100DAF0DE /* Base */ = {isa = PBXFileReference; lastKnownFileType = file.storyboard; name = Base; path = Base.lproj/Main.storyboard; sourceTree = "<group>"; };
		AE8CCCA11EEF925100DAF0DE /* Assets.xcassets */ = {isa = PBXFileReference; lastKnownFileType = folder.assetcatalog; path = Assets.xcassets; sourceTree = "<group>"; };
		AE8CCCA41EEF925100DAF0DE /* Base */ = {isa = PBXFileReference; lastKnownFileType = file.storyboard; name = Base; path = Base.lproj/LaunchScreen.storyboard; sourceTree = "<group>"; };
		AE8CCCA61EEF925100DAF0DE /* Info.plist */ = {isa = PBXFileReference; lastKnownFileType = text.plist.xml; path = Info.plist; sourceTree = "<group>"; };
		AE8CCCAB1EEF925100DAF0DE /* SafeCategoryTests.xctest */ = {isa = PBXFileReference; explicitFileType = wrapper.cfbundle; includeInIndex = 0; path = SafeCategoryTests.xctest; sourceTree = BUILT_PRODUCTS_DIR; };
		AE8CCCAF1EEF925100DAF0DE /* SafeCategoryTests.m */ = {isa = PBXFileReference; lastKnownFileType = sourcecode.c.objc; path = SafeCategoryTests.m; sourceTree = "<group>"; };
		AE8CCCB11EEF925100DAF0DE /* Info.plist */ = {isa = PBXFileReference; lastKnownFileType = text.plist.xml; path = Info.plist; sourceTree = "<group>"; };
		AE8CCCB61EEF925100DAF0DE /* SafeCategoryUITests.xctest */ = {isa = PBXFileReference; explicitFileType = wrapper.cfbundle; includeInIndex = 0; path = SafeCategoryUITests.xctest; sourceTree = BUILT_PRODUCTS_DIR; };
		AE8CCCBA1EEF925100DAF0DE /* SafeCategoryUITests.m */ = {isa = PBXFileReference; lastKnownFileType = sourcecode.c.objc; path = SafeCategoryUITests.m; sourceTree = "<group>"; };
		AE8CCCBC1EEF925100DAF0DE /* Info.plist */ = {isa = PBXFileReference; lastKnownFileType = text.plist.xml; path = Info.plist; sourceTree = "<group>"; };
		AE8CCCCA1EEF99EE00DAF0DE /* DDExtensionManager.h */ = {isa = PBXFileReference; fileEncoding = 4; lastKnownFileType = sourcecode.c.h; path = DDExtensionManager.h; sourceTree = "<group>"; };
		AE8CCCCB1EEF99EE00DAF0DE /* DDExtensionManager.m */ = {isa = PBXFileReference; fileEncoding = 4; lastKnownFileType = sourcecode.c.objc; path = DDExtensionManager.m; sourceTree = "<group>"; };
		AE8CCCCC1EEF99EE00DAF0DE /* NSArray+DDLog.h */ = {isa = PBXFileReference; fileEncoding = 4; lastKnownFileType = sourcecode.c.h; path = "NSArray+DDLog.h"; sourceTree = "<group>"; };
		AE8CCCCD1EEF99EE00DAF0DE /* NSArray+DDLog.m */ = {isa = PBXFileReference; fileEncoding = 4; lastKnownFileType = sourcecode.c.objc; path = "NSArray+DDLog.m"; sourceTree = "<group>"; };
		AE8CCCCE1EEF99EE00DAF0DE /* NSArray+DDSafe.h */ = {isa = PBXFileReference; fileEncoding = 4; lastKnownFileType = sourcecode.c.h; path = "NSArray+DDSafe.h"; sourceTree = "<group>"; };
		AE8CCCCF1EEF99EE00DAF0DE /* NSArray+DDSafe.m */ = {isa = PBXFileReference; fileEncoding = 4; lastKnownFileType = sourcecode.c.objc; path = "NSArray+DDSafe.m"; sourceTree = "<group>"; };
		AE8CCCD01EEF99EE00DAF0DE /* NSDictionary+DDLog.h */ = {isa = PBXFileReference; fileEncoding = 4; lastKnownFileType = sourcecode.c.h; path = "NSDictionary+DDLog.h"; sourceTree = "<group>"; };
		AE8CCCD11EEF99EE00DAF0DE /* NSDictionary+DDLog.m */ = {isa = PBXFileReference; fileEncoding = 4; lastKnownFileType = sourcecode.c.objc; path = "NSDictionary+DDLog.m"; sourceTree = "<group>"; };
		AE8CCCD21EEF99EE00DAF0DE /* NSDictionary+DDSafe.h */ = {isa = PBXFileReference; fileEncoding = 4; lastKnownFileType = sourcecode.c.h; path = "NSDictionary+DDSafe.h"; sourceTree = "<group>"; };
		AE8CCCD31EEF99EE00DAF0DE /* NSDictionary+DDSafe.m */ = {isa = PBXFileReference; fileEncoding = 4; lastKnownFileType = sourcecode.c.objc; path = "NSDictionary+DDSafe.m"; sourceTree = "<group>"; };
		AE8CCCD41EEF99EE00DAF0DE /* NSMutableArray+DDSafe.h */ = {isa = PBXFileReference; fileEncoding = 4; lastKnownFileType = sourcecode.c.h; path = "NSMutableArray+DDSafe.h"; sourceTree = "<group>"; };
		AE8CCCD51EEF99EE00DAF0DE /* NSMutableArray+DDSafe.m */ = {isa = PBXFileReference; fileEncoding = 4; lastKnownFileType = sourcecode.c.objc; path = "NSMutableArray+DDSafe.m"; sourceTree = "<group>"; };
		AE8CCCD61EEF99EE00DAF0DE /* NSMutableDictionary+DDSafe.h */ = {isa = PBXFileReference; fileEncoding = 4; lastKnownFileType = sourcecode.c.h; path = "NSMutableDictionary+DDSafe.h"; sourceTree = "<group>"; };
		AE8CCCD71EEF99EE00DAF0DE /* NSMutableDictionary+DDSafe.m */ = {isa = PBXFileReference; fileEncoding = 4; lastKnownFileType = sourcecode.c.objc; path = "NSMutableDictionary+DDSafe.m"; sourceTree = "<group>"; };
		AE8CCCD81EEF99EE00DAF0DE /* NSNumber+DDSafeComparser.h */ = {isa = PBXFileReference; fileEncoding = 4; lastKnownFileType = sourcecode.c.h; path = "NSNumber+DDSafeComparser.h"; sourceTree = "<group>"; };
		AE8CCCD91EEF99EE00DAF0DE /* NSNumber+DDSafeComparser.m */ = {isa = PBXFileReference; fileEncoding = 4; lastKnownFileType = sourcecode.c.objc; path = "NSNumber+DDSafeComparser.m"; sourceTree = "<group>"; };
		AE8CCCDA1EEF99EE00DAF0DE /* NSString+DDLog.h */ = {isa = PBXFileReference; fileEncoding = 4; lastKnownFileType = sourcecode.c.h; path = "NSString+DDLog.h"; sourceTree = "<group>"; };
		AE8CCCDB1EEF99EE00DAF0DE /* NSString+DDLog.m */ = {isa = PBXFileReference; fileEncoding = 4; lastKnownFileType = sourcecode.c.objc; path = "NSString+DDLog.m"; sourceTree = "<group>"; };
		AE8CCCDC1EEF99EE00DAF0DE /* NSString+DDSafe.h */ = {isa = PBXFileReference; fileEncoding = 4; lastKnownFileType = sourcecode.c.h; path = "NSString+DDSafe.h"; sourceTree = "<group>"; };
		AE8CCCDD1EEF99EE00DAF0DE /* NSString+DDSafe.m */ = {isa = PBXFileReference; fileEncoding = 4; lastKnownFileType = sourcecode.c.objc; path = "NSString+DDSafe.m"; sourceTree = "<group>"; };
		AE8CCCE81EEF9A9E00DAF0DE /* DDSafeHeader.h */ = {isa = PBXFileReference; fileEncoding = 4; lastKnownFileType = sourcecode.c.h; path = DDSafeHeader.h; sourceTree = "<group>"; };
/* End PBXFileReference section */

/* Begin PBXFrameworksBuildPhase section */
		AE8CCC8F1EEF925100DAF0DE /* Frameworks */ = {
			isa = PBXFrameworksBuildPhase;
			buildActionMask = 2147483647;
			files = (
			);
			runOnlyForDeploymentPostprocessing = 0;
		};
		AE8CCCA81EEF925100DAF0DE /* Frameworks */ = {
			isa = PBXFrameworksBuildPhase;
			buildActionMask = 2147483647;
			files = (
			);
			runOnlyForDeploymentPostprocessing = 0;
		};
		AE8CCCB31EEF925100DAF0DE /* Frameworks */ = {
			isa = PBXFrameworksBuildPhase;
			buildActionMask = 2147483647;
			files = (
			);
			runOnlyForDeploymentPostprocessing = 0;
		};
/* End PBXFrameworksBuildPhase section */

/* Begin PBXGroup section */
		AE8CCC891EEF925100DAF0DE = {
			isa = PBXGroup;
			children = (
				AE8CCC941EEF925100DAF0DE /* SafeCategory */,
				AE8CCCAE1EEF925100DAF0DE /* SafeCategoryTests */,
				AE8CCCB91EEF925100DAF0DE /* SafeCategoryUITests */,
				AE8CCC931EEF925100DAF0DE /* Products */,
			);
			sourceTree = "<group>";
		};
		AE8CCC931EEF925100DAF0DE /* Products */ = {
			isa = PBXGroup;
			children = (
				AE8CCC921EEF925100DAF0DE /* SafeCategory.app */,
				AE8CCCAB1EEF925100DAF0DE /* SafeCategoryTests.xctest */,
				AE8CCCB61EEF925100DAF0DE /* SafeCategoryUITests.xctest */,
			);
			name = Products;
			sourceTree = "<group>";
		};
		AE8CCC941EEF925100DAF0DE /* SafeCategory */ = {
			isa = PBXGroup;
			children = (
				AE8CCCC81EEF99EE00DAF0DE /* DDSDK */,
				AE8CCC981EEF925100DAF0DE /* AppDelegate.h */,
				AE8CCC991EEF925100DAF0DE /* AppDelegate.m */,
				AE8CCC9B1EEF925100DAF0DE /* ViewController.h */,
				AE8CCC9C1EEF925100DAF0DE /* ViewController.m */,
				AE8CCC9E1EEF925100DAF0DE /* Main.storyboard */,
				AE8CCCA11EEF925100DAF0DE /* Assets.xcassets */,
				AE8CCCA31EEF925100DAF0DE /* LaunchScreen.storyboard */,
				AE8CCCA61EEF925100DAF0DE /* Info.plist */,
				AE8CCC951EEF925100DAF0DE /* Supporting Files */,
			);
			path = SafeCategory;
			sourceTree = "<group>";
		};
		AE8CCC951EEF925100DAF0DE /* Supporting Files */ = {
			isa = PBXGroup;
			children = (
				AE8CCC961EEF925100DAF0DE /* main.m */,
			);
			name = "Supporting Files";
			sourceTree = "<group>";
		};
		AE8CCCAE1EEF925100DAF0DE /* SafeCategoryTests */ = {
			isa = PBXGroup;
			children = (
				AE8CCCAF1EEF925100DAF0DE /* SafeCategoryTests.m */,
				AE8CCCB11EEF925100DAF0DE /* Info.plist */,
			);
			path = SafeCategoryTests;
			sourceTree = "<group>";
		};
		AE8CCCB91EEF925100DAF0DE /* SafeCategoryUITests */ = {
			isa = PBXGroup;
			children = (
				AE8CCCBA1EEF925100DAF0DE /* SafeCategoryUITests.m */,
				AE8CCCBC1EEF925100DAF0DE /* Info.plist */,
			);
			path = SafeCategoryUITests;
			sourceTree = "<group>";
		};
		AE8CCCC81EEF99EE00DAF0DE /* DDSDK */ = {
			isa = PBXGroup;
			children = (
				AE8CCCC91EEF99EE00DAF0DE /* Category */,
			);
			path = DDSDK;
			sourceTree = "<group>";
		};
		AE8CCCC91EEF99EE00DAF0DE /* Category */ = {
			isa = PBXGroup;
			children = (
				AE8CCCCA1EEF99EE00DAF0DE /* DDExtensionManager.h */,
				AE8CCCCB1EEF99EE00DAF0DE /* DDExtensionManager.m */,
				AE8CCCCC1EEF99EE00DAF0DE /* NSArray+DDLog.h */,
				AE8CCCCD1EEF99EE00DAF0DE /* NSArray+DDLog.m */,
				AE8CCCCE1EEF99EE00DAF0DE /* NSArray+DDSafe.h */,
				AE8CCCCF1EEF99EE00DAF0DE /* NSArray+DDSafe.m */,
				AE8CCCD01EEF99EE00DAF0DE /* NSDictionary+DDLog.h */,
				AE8CCCD11EEF99EE00DAF0DE /* NSDictionary+DDLog.m */,
				AE8CCCD21EEF99EE00DAF0DE /* NSDictionary+DDSafe.h */,
				AE8CCCD31EEF99EE00DAF0DE /* NSDictionary+DDSafe.m */,
				AE8CCCD41EEF99EE00DAF0DE /* NSMutableArray+DDSafe.h */,
				AE8CCCD51EEF99EE00DAF0DE /* NSMutableArray+DDSafe.m */,
				AE8CCCD61EEF99EE00DAF0DE /* NSMutableDictionary+DDSafe.h */,
				AE8CCCD71EEF99EE00DAF0DE /* NSMutableDictionary+DDSafe.m */,
				AE8CCCD81EEF99EE00DAF0DE /* NSNumber+DDSafeComparser.h */,
				AE8CCCD91EEF99EE00DAF0DE /* NSNumber+DDSafeComparser.m */,
				AE8CCCDA1EEF99EE00DAF0DE /* NSString+DDLog.h */,
				AE8CCCDB1EEF99EE00DAF0DE /* NSString+DDLog.m */,
				AE8CCCDC1EEF99EE00DAF0DE /* NSString+DDSafe.h */,
				AE8CCCDD1EEF99EE00DAF0DE /* NSString+DDSafe.m */,
				AE8CCCE81EEF9A9E00DAF0DE /* DDSafeHeader.h */,
			);
			path = Category;
			sourceTree = "<group>";
		};
/* End PBXGroup section */

/* Begin PBXNativeTarget section */
		AE8CCC911EEF925100DAF0DE /* SafeCategory */ = {
			isa = PBXNativeTarget;
			buildConfigurationList = AE8CCCBF1EEF925100DAF0DE /* Build configuration list for PBXNativeTarget "SafeCategory" */;
			buildPhases = (
				AE8CCC8E1EEF925100DAF0DE /* Sources */,
				AE8CCC8F1EEF925100DAF0DE /* Frameworks */,
				AE8CCC901EEF925100DAF0DE /* Resources */,
			);
			buildRules = (
			);
			dependencies = (
			);
			name = SafeCategory;
			productName = SafeCategory;
			productReference = AE8CCC921EEF925100DAF0DE /* SafeCategory.app */;
			productType = "com.apple.product-type.application";
		};
		AE8CCCAA1EEF925100DAF0DE /* SafeCategoryTests */ = {
			isa = PBXNativeTarget;
			buildConfigurationList = AE8CCCC21EEF925100DAF0DE /* Build configuration list for PBXNativeTarget "SafeCategoryTests" */;
			buildPhases = (
				AE8CCCA71EEF925100DAF0DE /* Sources */,
				AE8CCCA81EEF925100DAF0DE /* Frameworks */,
				AE8CCCA91EEF925100DAF0DE /* Resources */,
			);
			buildRules = (
			);
			dependencies = (
				AE8CCCAD1EEF925100DAF0DE /* PBXTargetDependency */,
			);
			name = SafeCategoryTests;
			productName = SafeCategoryTests;
			productReference = AE8CCCAB1EEF925100DAF0DE /* SafeCategoryTests.xctest */;
			productType = "com.apple.product-type.bundle.unit-test";
		};
		AE8CCCB51EEF925100DAF0DE /* SafeCategoryUITests */ = {
			isa = PBXNativeTarget;
			buildConfigurationList = AE8CCCC51EEF925100DAF0DE /* Build configuration list for PBXNativeTarget "SafeCategoryUITests" */;
			buildPhases = (
				AE8CCCB21EEF925100DAF0DE /* Sources */,
				AE8CCCB31EEF925100DAF0DE /* Frameworks */,
				AE8CCCB41EEF925100DAF0DE /* Resources */,
			);
			buildRules = (
			);
			dependencies = (
				AE8CCCB81EEF925100DAF0DE /* PBXTargetDependency */,
			);
			name = SafeCategoryUITests;
			productName = SafeCategoryUITests;
			productReference = AE8CCCB61EEF925100DAF0DE /* SafeCategoryUITests.xctest */;
			productType = "com.apple.product-type.bundle.ui-testing";
		};
/* End PBXNativeTarget section */

/* Begin PBXProject section */
		AE8CCC8A1EEF925100DAF0DE /* Project object */ = {
			isa = PBXProject;
			attributes = {
				LastUpgradeCheck = 0830;
				ORGANIZATIONNAME = ddtech;
				TargetAttributes = {
					AE8CCC911EEF925100DAF0DE = {
						CreatedOnToolsVersion = 8.3.1;
						ProvisioningStyle = Automatic;
					};
					AE8CCCAA1EEF925100DAF0DE = {
						CreatedOnToolsVersion = 8.3.1;
						ProvisioningStyle = Automatic;
						TestTargetID = AE8CCC911EEF925100DAF0DE;
					};
					AE8CCCB51EEF925100DAF0DE = {
						CreatedOnToolsVersion = 8.3.1;
						ProvisioningStyle = Automatic;
						TestTargetID = AE8CCC911EEF925100DAF0DE;
					};
				};
			};
			buildConfigurationList = AE8CCC8D1EEF925100DAF0DE /* Build configuration list for PBXProject "SafeCategory" */;
			compatibilityVersion = "Xcode 3.2";
			developmentRegion = English;
			hasScannedForEncodings = 0;
			knownRegions = (
				en,
				Base,
			);
			mainGroup = AE8CCC891EEF925100DAF0DE;
			productRefGroup = AE8CCC931EEF925100DAF0DE /* Products */;
			projectDirPath = "";
			projectRoot = "";
			targets = (
				AE8CCC911EEF925100DAF0DE /* SafeCategory */,
				AE8CCCAA1EEF925100DAF0DE /* SafeCategoryTests */,
				AE8CCCB51EEF925100DAF0DE /* SafeCategoryUITests */,
			);
		};
/* End PBXProject section */

/* Begin PBXResourcesBuildPhase section */
		AE8CCC901EEF925100DAF0DE /* Resources */ = {
			isa = PBXResourcesBuildPhase;
			buildActionMask = 2147483647;
			files = (
				AE8CCCA51EEF925100DAF0DE /* LaunchScreen.storyboard in Resources */,
				AE8CCCA21EEF925100DAF0DE /* Assets.xcassets in Resources */,
				AE8CCCA01EEF925100DAF0DE /* Main.storyboard in Resources */,
			);
			runOnlyForDeploymentPostprocessing = 0;
		};
		AE8CCCA91EEF925100DAF0DE /* Resources */ = {
			isa = PBXResourcesBuildPhase;
			buildActionMask = 2147483647;
			files = (
			);
			runOnlyForDeploymentPostprocessing = 0;
		};
		AE8CCCB41EEF925100DAF0DE /* Resources */ = {
			isa = PBXResourcesBuildPhase;
			buildActionMask = 2147483647;
			files = (
			);
			runOnlyForDeploymentPostprocessing = 0;
		};
/* End PBXResourcesBuildPhase section */

/* Begin PBXSourcesBuildPhase section */
		AE8CCC8E1EEF925100DAF0DE /* Sources */ = {
			isa = PBXSourcesBuildPhase;
			buildActionMask = 2147483647;
			files = (
				AE8CCC9D1EEF925100DAF0DE /* ViewController.m in Sources */,
				AE8CCCE21EEF99EE00DAF0DE /* NSDictionary+DDSafe.m in Sources */,
				AE8CCC9A1EEF925100DAF0DE /* AppDelegate.m in Sources */,
				AE8CCCE71EEF99EE00DAF0DE /* NSString+DDSafe.m in Sources */,
				AE8CCC971EEF925100DAF0DE /* main.m in Sources */,
				AE8CCCE61EEF99EE00DAF0DE /* NSString+DDLog.m in Sources */,
				AE8CCCE11EEF99EE00DAF0DE /* NSDictionary+DDLog.m in Sources */,
				AE8CCCDE1EEF99EE00DAF0DE /* DDExtensionManager.m in Sources */,
				AE8CCCE41EEF99EE00DAF0DE /* NSMutableDictionary+DDSafe.m in Sources */,
				AE8CCCE51EEF99EE00DAF0DE /* NSNumber+DDSafeComparser.m in Sources */,
				AE8CCCDF1EEF99EE00DAF0DE /* NSArray+DDLog.m in Sources */,
				AE8CCCE01EEF99EE00DAF0DE /* NSArray+DDSafe.m in Sources */,
				AE8CCCE31EEF99EE00DAF0DE /* NSMutableArray+DDSafe.m in Sources */,
			);
			runOnlyForDeploymentPostprocessing = 0;
		};
		AE8CCCA71EEF925100DAF0DE /* Sources */ = {
			isa = PBXSourcesBuildPhase;
			buildActionMask = 2147483647;
			files = (
				AE8CCCB01EEF925100DAF0DE /* SafeCategoryTests.m in Sources */,
			);
			runOnlyForDeploymentPostprocessing = 0;
		};
		AE8CCCB21EEF925100DAF0DE /* Sources */ = {
			isa = PBXSourcesBuildPhase;
			buildActionMask = 2147483647;
			files = (
				AE8CCCBB1EEF925100DAF0DE /* SafeCategoryUITests.m in Sources */,
			);
			runOnlyForDeploymentPostprocessing = 0;
		};
/* End PBXSourcesBuildPhase section */

/* Begin PBXTargetDependency section */
		AE8CCCAD1EEF925100DAF0DE /* PBXTargetDependency */ = {
			isa = PBXTargetDependency;
			target = AE8CCC911EEF925100DAF0DE /* SafeCategory */;
			targetProxy = AE8CCCAC1EEF925100DAF0DE /* PBXContainerItemProxy */;
		};
		AE8CCCB81EEF925100DAF0DE /* PBXTargetDependency */ = {
			isa = PBXTargetDependency;
			target = AE8CCC911EEF925100DAF0DE /* SafeCategory */;
			targetProxy = AE8CCCB71EEF925100DAF0DE /* PBXContainerItemProxy */;
		};
/* End PBXTargetDependency section */

/* Begin PBXVariantGroup section */
		AE8CCC9E1EEF925100DAF0DE /* Main.storyboard */ = {
			isa = PBXVariantGroup;
			children = (
				AE8CCC9F1EEF925100DAF0DE /* Base */,
			);
			name = Main.storyboard;
			sourceTree = "<group>";
		};
		AE8CCCA31EEF925100DAF0DE /* LaunchScreen.storyboard */ = {
			isa = PBXVariantGroup;
			children = (
				AE8CCCA41EEF925100DAF0DE /* Base */,
			);
			name = LaunchScreen.storyboard;
			sourceTree = "<group>";
		};
/* End PBXVariantGroup section */

/* Begin XCBuildConfiguration section */
		AE8CCCBD1EEF925100DAF0DE /* Debug */ = {
			isa = XCBuildConfiguration;
			buildSettings = {
				ALWAYS_SEARCH_USER_PATHS = NO;
				CLANG_ANALYZER_NONNULL = YES;
				CLANG_ANALYZER_NUMBER_OBJECT_CONVERSION = YES_AGGRESSIVE;
				CLANG_CXX_LANGUAGE_STANDARD = "gnu++0x";
				CLANG_CXX_LIBRARY = "libc++";
				CLANG_ENABLE_MODULES = YES;
				CLANG_ENABLE_OBJC_ARC = YES;
				CLANG_WARN_BOOL_CONVERSION = YES;
				CLANG_WARN_CONSTANT_CONVERSION = YES;
				CLANG_WARN_DIRECT_OBJC_ISA_USAGE = YES_ERROR;
				CLANG_WARN_DOCUMENTATION_COMMENTS = YES;
				CLANG_WARN_EMPTY_BODY = YES;
				CLANG_WARN_ENUM_CONVERSION = YES;
				CLANG_WARN_INFINITE_RECURSION = YES;
				CLANG_WARN_INT_CONVERSION = YES;
				CLANG_WARN_OBJC_ROOT_CLASS = YES_ERROR;
				CLANG_WARN_SUSPICIOUS_MOVE = YES;
				CLANG_WARN_UNREACHABLE_CODE = YES;
				CLANG_WARN__DUPLICATE_METHOD_MATCH = YES;
				"CODE_SIGN_IDENTITY[sdk=iphoneos*]" = "iPhone Developer";
				COPY_PHASE_STRIP = NO;
				DEBUG_INFORMATION_FORMAT = dwarf;
				ENABLE_STRICT_OBJC_MSGSEND = YES;
				ENABLE_TESTABILITY = YES;
				GCC_C_LANGUAGE_STANDARD = gnu99;
				GCC_DYNAMIC_NO_PIC = NO;
				GCC_NO_COMMON_BLOCKS = YES;
				GCC_OPTIMIZATION_LEVEL = 0;
				GCC_PREPROCESSOR_DEFINITIONS = (
					"DEBUG=1",
					"$(inherited)",
				);
				GCC_WARN_64_TO_32_BIT_CONVERSION = YES;
				GCC_WARN_ABOUT_RETURN_TYPE = YES_ERROR;
				GCC_WARN_UNDECLARED_SELECTOR = YES;
				GCC_WARN_UNINITIALIZED_AUTOS = YES_AGGRESSIVE;
				GCC_WARN_UNUSED_FUNCTION = YES;
				GCC_WARN_UNUSED_VARIABLE = YES;
				IPHONEOS_DEPLOYMENT_TARGET = 10.3;
				MTL_ENABLE_DEBUG_INFO = YES;
				ONLY_ACTIVE_ARCH = YES;
				SDKROOT = iphoneos;
				TARGETED_DEVICE_FAMILY = "1,2";
			};
			name = Debug;
		};
		AE8CCCBE1EEF925100DAF0DE /* Release */ = {
			isa = XCBuildConfiguration;
			buildSettings = {
				ALWAYS_SEARCH_USER_PATHS = NO;
				CLANG_ANALYZER_NONNULL = YES;
				CLANG_ANALYZER_NUMBER_OBJECT_CONVERSION = YES_AGGRESSIVE;
				CLANG_CXX_LANGUAGE_STANDARD = "gnu++0x";
				CLANG_CXX_LIBRARY = "libc++";
				CLANG_ENABLE_MODULES = YES;
				CLANG_ENABLE_OBJC_ARC = YES;
				CLANG_WARN_BOOL_CONVERSION = YES;
				CLANG_WARN_CONSTANT_CONVERSION = YES;
				CLANG_WARN_DIRECT_OBJC_ISA_USAGE = YES_ERROR;
				CLANG_WARN_DOCUMENTATION_COMMENTS = YES;
				CLANG_WARN_EMPTY_BODY = YES;
				CLANG_WARN_ENUM_CONVERSION = YES;
				CLANG_WARN_INFINITE_RECURSION = YES;
				CLANG_WARN_INT_CONVERSION = YES;
				CLANG_WARN_OBJC_ROOT_CLASS = YES_ERROR;
				CLANG_WARN_SUSPICIOUS_MOVE = YES;
				CLANG_WARN_UNREACHABLE_CODE = YES;
				CLANG_WARN__DUPLICATE_METHOD_MATCH = YES;
				"CODE_SIGN_IDENTITY[sdk=iphoneos*]" = "iPhone Developer";
				COPY_PHASE_STRIP = NO;
				DEBUG_INFORMATION_FORMAT = "dwarf-with-dsym";
				ENABLE_NS_ASSERTIONS = NO;
				ENABLE_STRICT_OBJC_MSGSEND = YES;
				GCC_C_LANGUAGE_STANDARD = gnu99;
				GCC_NO_COMMON_BLOCKS = YES;
				GCC_WARN_64_TO_32_BIT_CONVERSION = YES;
				GCC_WARN_ABOUT_RETURN_TYPE = YES_ERROR;
				GCC_WARN_UNDECLARED_SELECTOR = YES;
				GCC_WARN_UNINITIALIZED_AUTOS = YES_AGGRESSIVE;
				GCC_WARN_UNUSED_FUNCTION = YES;
				GCC_WARN_UNUSED_VARIABLE = YES;
				IPHONEOS_DEPLOYMENT_TARGET = 10.3;
				MTL_ENABLE_DEBUG_INFO = NO;
				SDKROOT = iphoneos;
				TARGETED_DEVICE_FAMILY = "1,2";
				VALIDATE_PRODUCT = YES;
			};
			name = Release;
		};
		AE8CCCC01EEF925100DAF0DE /* Debug */ = {
			isa = XCBuildConfiguration;
			buildSettings = {
				ASSETCATALOG_COMPILER_APPICON_NAME = AppIcon;
				INFOPLIST_FILE = SafeCategory/Info.plist;
				LD_RUNPATH_SEARCH_PATHS = "$(inherited) @executable_path/Frameworks";
				PRODUCT_BUNDLE_IDENTIFIER = com.ddtech.SafeCategory;
				PRODUCT_NAME = "$(TARGET_NAME)";
			};
			name = Debug;
		};
		AE8CCCC11EEF925100DAF0DE /* Release */ = {
			isa = XCBuildConfiguration;
			buildSettings = {
				ASSETCATALOG_COMPILER_APPICON_NAME = AppIcon;
				INFOPLIST_FILE = SafeCategory/Info.plist;
				LD_RUNPATH_SEARCH_PATHS = "$(inherited) @executable_path/Frameworks";
				PRODUCT_BUNDLE_IDENTIFIER = com.ddtech.SafeCategory;
				PRODUCT_NAME = "$(TARGET_NAME)";
			};
			name = Release;
		};
		AE8CCCC31EEF925100DAF0DE /* Debug */ = {
			isa = XCBuildConfiguration;
			buildSettings = {
				BUNDLE_LOADER = "$(TEST_HOST)";
				INFOPLIST_FILE = SafeCategoryTests/Info.plist;
				LD_RUNPATH_SEARCH_PATHS = "$(inherited) @executable_path/Frameworks @loader_path/Frameworks";
				PRODUCT_BUNDLE_IDENTIFIER = com.ddtech.SafeCategoryTests;
				PRODUCT_NAME = "$(TARGET_NAME)";
				TEST_HOST = "$(BUILT_PRODUCTS_DIR)/SafeCategory.app/SafeCategory";
			};
			name = Debug;
		};
		AE8CCCC41EEF925100DAF0DE /* Release */ = {
			isa = XCBuildConfiguration;
			buildSettings = {
				BUNDLE_LOADER = "$(TEST_HOST)";
				INFOPLIST_FILE = SafeCategoryTests/Info.plist;
				LD_RUNPATH_SEARCH_PATHS = "$(inherited) @executable_path/Frameworks @loader_path/Frameworks";
				PRODUCT_BUNDLE_IDENTIFIER = com.ddtech.SafeCategoryTests;
				PRODUCT_NAME = "$(TARGET_NAME)";
				TEST_HOST = "$(BUILT_PRODUCTS_DIR)/SafeCategory.app/SafeCategory";
			};
			name = Release;
		};
		AE8CCCC61EEF925100DAF0DE /* Debug */ = {
			isa = XCBuildConfiguration;
			buildSettings = {
				INFOPLIST_FILE = SafeCategoryUITests/Info.plist;
				LD_RUNPATH_SEARCH_PATHS = "$(inherited) @executable_path/Frameworks @loader_path/Frameworks";
				PRODUCT_BUNDLE_IDENTIFIER = com.ddtech.SafeCategoryUITests;
				PRODUCT_NAME = "$(TARGET_NAME)";
				TEST_TARGET_NAME = SafeCategory;
			};
			name = Debug;
		};
		AE8CCCC71EEF925100DAF0DE /* Release */ = {
			isa = XCBuildConfiguration;
			buildSettings = {
				INFOPLIST_FILE = SafeCategoryUITests/Info.plist;
				LD_RUNPATH_SEARCH_PATHS = "$(inherited) @executable_path/Frameworks @loader_path/Frameworks";
				PRODUCT_BUNDLE_IDENTIFIER = com.ddtech.SafeCategoryUITests;
				PRODUCT_NAME = "$(TARGET_NAME)";
				TEST_TARGET_NAME = SafeCategory;
			};
			name = Release;
		};
/* End XCBuildConfiguration section */

/* Begin XCConfigurationList section */
		AE8CCC8D1EEF925100DAF0DE /* Build configuration list for PBXProject "SafeCategory" */ = {
			isa = XCConfigurationList;
			buildConfigurations = (
				AE8CCCBD1EEF925100DAF0DE /* Debug */,
				AE8CCCBE1EEF925100DAF0DE /* Release */,
			);
			defaultConfigurationIsVisible = 0;
			defaultConfigurationName = Release;
		};
		AE8CCCBF1EEF925100DAF0DE /* Build configuration list for PBXNativeTarget "SafeCategory" */ = {
			isa = XCConfigurationList;
			buildConfigurations = (
				AE8CCCC01EEF925100DAF0DE /* Debug */,
				AE8CCCC11EEF925100DAF0DE /* Release */,
			);
			defaultConfigurationIsVisible = 0;
		};
		AE8CCCC21EEF925100DAF0DE /* Build configuration list for PBXNativeTarget "SafeCategoryTests" */ = {
			isa = XCConfigurationList;
			buildConfigurations = (
				AE8CCCC31EEF925100DAF0DE /* Debug */,
				AE8CCCC41EEF925100DAF0DE /* Release */,
			);
			defaultConfigurationIsVisible = 0;
		};
		AE8CCCC51EEF925100DAF0DE /* Build configuration list for PBXNativeTarget "SafeCategoryUITests" */ = {
			isa = XCConfigurationList;
			buildConfigurations = (
				AE8CCCC61EEF925100DAF0DE /* Debug */,
				AE8CCCC71EEF925100DAF0DE /* Release */,
			);
			defaultConfigurationIsVisible = 0;
		};
/* End XCConfigurationList section */
	};
	rootObject = AE8CCC8A1EEF925100DAF0DE /* Project object */;
}
